
Microsoft Visual Studio Solution File, Format Version 12.00
# Visual Studio Version 17
VisualStudioVersion = 17.8.34316.72
MinimumVisualStudioVersion = 10.0.40219.1
Project("{FAE04EC0-301F-11D3-BF4B-00C04F79EFBC}") = "GreenThumb_Slutprojekt", "GreenThumb_Slutprojekt\GreenThumb_Slutprojekt.csproj", "{A8F10BEA-FC17-4CBC-903B-95E2FB051798}"
EndProject
Global
	GlobalSection(SolutionConfigurationPlatforms) = preSolution
		Debug|Any CPU = Debug|Any CPU
		Release|Any CPU = Release|Any CPU
	EndGlobalSection
	GlobalSection(ProjectConfigurationPlatforms) = postSolution
		{A8F10BEA-FC17-4CBC-903B-95E2FB051798}.Debug|Any CPU.ActiveCfg = Debug|Any CPU
		{A8F10BEA-FC17-4CBC-903B-95E2FB051798}.Debug|Any CPU.Build.0 = Debug|Any CPU
		{A8F10BEA-FC17-4CBC-903B-95E2FB051798}.Release|Any CPU.ActiveCfg = Release|Any CPU
		{A8F10BEA-FC17-4CBC-903B-95E2FB051798}.Release|Any CPU.Build.0 = Release|Any CPU
	EndGlobalSection
	GlobalSection(SolutionProperties) = preSolution
		HideSolutionNode = FALSE
	EndGlobalSection
	GlobalSection(ExtensibilityGlobals) = postSolution
		SolutionGuid = {63F96C0D-1670-4885-85E0-D31D72631878}
	EndGlobalSection
EndGlobal
